PODS:
  - VideoKit/Core (1.0)
  - VideoKit/Player (1.0):
    - VideoKit/Core
  - VideoKit/Recorder (1.0):
    - VideoKit/Core
    - VideoKit/Player

DEPENDENCIES:
  - VideoKit/Recorder

SPEC REPOS:
  https://github.com/CocoaPods/Specs.git:
    - VideoKit

SPEC CHECKSUMS:
  VideoKit: da33a87d3e55258b1d7183854bed1a798a4cb9f3

PODFILE CHECKSUM: d22a6e17c21305cb149ba55f4f93f96bfce7dfd0

COCOAPODS: 1.10.1
