{
  "object": {
    "pins": [
      {
        "package": "VideoKit",
        "repositoryURL": "https://github.com/Video-io/VideoKit-iOS",
        "state": {
          "branch": null,
          "revision": "3bed99ef4667ddafa60171add0f52696044a0107",
          "version": "1.0.4"
        }
      }
    ]
  },
  "version": 1
}
